{
  "lockfile_version": "1",
  "packages": {
    "awscli2@latest": {
      "last_modified": "2026-04-23T13:07:47Z",
      "resolved": "github:NixOS/nixpkgs/01fbdeef22b76df85ea168fbfe1bfd9e63681b30#awscli2",
      "source": "devbox-search",
      "version": "2.34.24",
      "systems": {
        "aarch64-darwin": {
          "outputs": [
            {
              "name": "out",
              "path": "/nix/store/6rjb80bzlnq2aiyn7y44bxf98ms8jiv8-awscli2-2.34.24",
              "default": true
            },
            {
              "name": "dist",
              "path": "/nix/store/0nrql1b3pq91qydg6bbkm5igb0klczyk-awscli2-2.34.24-dist"
            }
          ],
          "store_path": "/nix/store/6rjb80bzlnq2aiyn7y44bxf98ms8jiv8-awscli2-2.34.24"
        },
        "aarch64-linux": {
          "outputs": [
            {
              "name": "out",
              "path": "/nix/store/y48ygqd28j468i7abfh9v5yy1rvj6qc2-awscli2-2.34.24",
              "default": true
            },
            {
              "name": "dist",
              "path": "/nix/store/d979xiddsvgbwnlsmpy557dv1bix365z-awscli2-2.34.24-dist"
            }
          ],
          "store_path": "/nix/store/y48ygqd28j468i7abfh9v5yy1rvj6qc2-awscli2-2.34.24"
        },
        "x86_64-darwin": {
          "outputs": [
            {
              "name": "out",
              "path": "/nix/store/8jfgy4rp00vdvbr344w6bcp9s7hl6kkx-awscli2-2.34.24",
              "default": true
            },
            {
              "name": "dist",
              "path": "/nix/store/3qvvimmyvmcxrjncxyk1ihp3f5wi9pdn-awscli2-2.34.24-dist"
            }
          ],
          "store_path": "/nix/store/8jfgy4rp00vdvbr344w6bcp9s7hl6kkx-awscli2-2.34.24"
        },
        "x86_64-linux": {
          "outputs": [
            {
              "name": "out",
              "path": "/nix/store/yfcx11pxh5ax692vvhpxmqc12dpq56f5-awscli2-2.34.24",
              "default": true
            },
            {
              "name": "dist",
              "path": "/nix/store/97src0rsmbl5wfp9jnb4bdrjbcic6dbp-awscli2-2.34.24-dist"
            }
          ],
          "store_path": "/nix/store/yfcx11pxh5ax692vvhpxmqc12dpq56f5-awscli2-2.34.24"
        }
      }
    },
    "github:NixOS/nixpkgs/nixpkgs-unstable": {
      "last_modified": "2026-04-29T01:19:07Z",
      "resolved": "github:NixOS/nixpkgs/ebc08544afa77957cc348ba72dc490ec73b87f68?lastModified=1777425547"
    }
  }
}
